// !$*UTF8*$!
{
	archiveVersion = 1;
	classes = {
	};
	objectVersion = 77;
	objects = {

/* Begin PBXBuildFile section */
		851691962D3CA02A0083E967 /* RxRelay in Frameworks */ = {isa = PBXBuildFile; productRef = 851691952D3CA02A0083E967 /* RxRelay */; };
		851691982D3CA02A0083E967 /* RxSwift in Frameworks */ = {isa = PBXBuildFile; productRef = 851691972D3CA02A0083E967 /* RxSwift */; };
		8516919B2D3CA0A10083E967 /* RxCocoa in Frameworks */ = {isa = PBXBuildFile; productRef = 8516919A2D3CA0A10083E967 /* RxCocoa */; };
		851691A62D3D42720083E967 /* SideMenu in Frameworks */ = {isa = PBXBuildFile; productRef = 851691A52D3D42720083E967 /* SideMenu */; };
		851691A92D3D42B90083E967 /* IQKeyboardManagerSwift in Frameworks */ = {isa = PBXBuildFile; productRef = 851691A82D3D42B90083E967 /* IQKeyboardManagerSwift */; };
		851691BF2D3D6AEB0083E967 /* Alamofire in Frameworks */ = {isa = PBXBuildFile; productRef = 851691BE2D3D6AEB0083E967 /* Alamofire */; };
/* End PBXBuildFile section */

/* Begin PBXCopyFilesBuildPhase section */
		851691C62D3D6DDF0083E967 /* Embed Frameworks */ = {
			isa = PBXCopyFilesBuildPhase;
			buildActionMask = 2147483647;
			dstPath = "";
			dstSubfolderSpec = 10;
			files = (
			);
			name = "Embed Frameworks";
			runOnlyForDeploymentPostprocessing = 0;
		};
/* End PBXCopyFilesBuildPhase section */

/* Begin PBXFileReference section */
		851691532D3AEC160083E967 /* maps.app */ = {isa = PBXFileReference; explicitFileType = wrapper.application; includeInIndex = 0; path = maps.app; sourceTree = BUILT_PRODUCTS_DIR; };
/* End PBXFileReference section */

/* Begin PBXFileSystemSynchronizedBuildFileExceptionSet section */
		851691652D3AEC190083E967 /* Exceptions for "maps" folder in "maps" target */ = {
			isa = PBXFileSystemSynchronizedBuildFileExceptionSet;
			membershipExceptions = (
				Info.plist,
			);
			target = 851691522D3AEC160083E967 /* maps */;
		};
/* End PBXFileSystemSynchronizedBuildFileExceptionSet section */

/* Begin PBXFileSystemSynchronizedRootGroup section */
		851691552D3AEC160083E967 /* maps */ = {
			isa = PBXFileSystemSynchronizedRootGroup;
			exceptions = (
				851691652D3AEC190083E967 /* Exceptions for "maps" folder in "maps" target */,
			);
			path = maps;
			sourceTree = "<group>";
		};
/* End PBXFileSystemSynchronizedRootGroup section */

/* Begin PBXFrameworksBuildPhase section */
		851691502D3AEC160083E967 /* Frameworks */ = {
			isa = PBXFrameworksBuildPhase;
			buildActionMask = 2147483647;
			files = (
				851691A92D3D42B90083E967 /* IQKeyboardManagerSwift in Frameworks */,
				8516919B2D3CA0A10083E967 /* RxCocoa in Frameworks */,
				851691982D3CA02A0083E967 /* RxSwift in Frameworks */,
				851691BF2D3D6AEB0083E967 /* Alamofire in Frameworks */,
				851691A62D3D42720083E967 /* SideMenu in Frameworks */,
				851691962D3CA02A0083E967 /* RxRelay in Frameworks */,
			);
			runOnlyForDeploymentPostprocessing = 0;
		};
/* End PBXFrameworksBuildPhase section */

/* Begin PBXGroup section */
		8516914A2D3AEC160083E967 = {
			isa = PBXGroup;
			children = (
				851691552D3AEC160083E967 /* maps */,
				851691992D3CA0A10083E967 /* Frameworks */,
				851691542D3AEC160083E967 /* Products */,
			);
			sourceTree = "<group>";
		};
		851691542D3AEC160083E967 /* Products */ = {
			isa = PBXGroup;
			children = (
				851691532D3AEC160083E967 /* maps.app */,
			);
			name = Products;
			sourceTree = "<group>";
		};
		851691992D3CA0A10083E967 /* Frameworks */ = {
			isa = PBXGroup;
			children = (
			);
			name = Frameworks;
			sourceTree = "<group>";
		};
/* End PBXGroup section */

/* Begin PBXNativeTarget section */
		851691522D3AEC160083E967 /* maps */ = {
			isa = PBXNativeTarget;
			buildConfigurationList = 851691662D3AEC190083E967 /* Build configuration list for PBXNativeTarget "maps" */;
			buildPhases = (
				8516914F2D3AEC160083E967 /* Sources */,
				851691502D3AEC160083E967 /* Frameworks */,
				851691512D3AEC160083E967 /* Resources */,
				851691C62D3D6DDF0083E967 /* Embed Frameworks */,
			);
			buildRules = (
			);
			dependencies = (
			);
			fileSystemSynchronizedGroups = (
				851691552D3AEC160083E967 /* maps */,
			);
			name = maps;
			packageProductDependencies = (
				851691952D3CA02A0083E967 /* RxRelay */,
				851691972D3CA02A0083E967 /* RxSwift */,
				8516919A2D3CA0A10083E967 /* RxCocoa */,
				851691A52D3D42720083E967 /* SideMenu */,
				851691A82D3D42B90083E967 /* IQKeyboardManagerSwift */,
				851691BE2D3D6AEB0083E967 /* Alamofire */,
			);
			productName = maps;
			productReference = 851691532D3AEC160083E967 /* maps.app */;
			productType = "com.apple.product-type.application";
		};
/* End PBXNativeTarget section */

/* Begin PBXProject section */
		8516914B2D3AEC160083E967 /* Project object */ = {
			isa = PBXProject;
			attributes = {
				BuildIndependentTargetsInParallel = 1;
				LastSwiftUpdateCheck = 1610;
				LastUpgradeCheck = 1610;
				TargetAttributes = {
					851691522D3AEC160083E967 = {
						CreatedOnToolsVersion = 16.1;
					};
				};
			};
			buildConfigurationList = 8516914E2D3AEC160083E967 /* Build configuration list for PBXProject "maps" */;
			developmentRegion = en;
			hasScannedForEncodings = 0;
			knownRegions = (
				en,
				Base,
			);
			mainGroup = 8516914A2D3AEC160083E967;
			minimizedProjectReferenceProxies = 1;
			packageReferences = (
				851691942D3CA02A0083E967 /* XCRemoteSwiftPackageReference "RxSwift" */,
				851691A42D3D42710083E967 /* XCRemoteSwiftPackageReference "SideMenu" */,
				851691A72D3D42B90083E967 /* XCRemoteSwiftPackageReference "IQKeyboardManager" */,
				851691BD2D3D6AEB0083E967 /* XCRemoteSwiftPackageReference "Alamofire" */,
			);
			preferredProjectObjectVersion = 77;
			productRefGroup = 851691542D3AEC160083E967 /* Products */;
			projectDirPath = "";
			projectRoot = "";
			targets = (
				851691522D3AEC160083E967 /* maps */,
			);
		};
/* End PBXProject section */

/* Begin PBXResourcesBuildPhase section */
		851691512D3AEC160083E967 /* Resources */ = {
			isa = PBXResourcesBuildPhase;
			buildActionMask = 2147483647;
			files = (
			);
			runOnlyForDeploymentPostprocessing = 0;
		};
/* End PBXResourcesBuildPhase section */

/* Begin PBXSourcesBuildPhase section */
		8516914F2D3AEC160083E967 /* Sources */ = {
			isa = PBXSourcesBuildPhase;
			buildActionMask = 2147483647;
			files = (
			);
			runOnlyForDeploymentPostprocessing = 0;
		};
/* End PBXSourcesBuildPhase section */

/* Begin XCBuildConfiguration section */
		851691672D3AEC190083E967 /* Debug */ = {
			isa = XCBuildConfiguration;
			buildSettings = {
				ASSETCATALOG_COMPILER_APPICON_NAME = AppIcon;
				ASSETCATALOG_COMPILER_GLOBAL_ACCENT_COLOR_NAME = AccentColor;
				CODE_SIGN_STYLE = Automatic;
				CURRENT_PROJECT_VERSION = 1;
				DEVELOPMENT_TEAM = 9GDN433C86;
				GENERATE_INFOPLIST_FILE = YES;
				INFOPLIST_FILE = maps/Info.plist;
				INFOPLIST_KEY_NSLocationAlwaysUsageDescription = "App needs location for map View";
				INFOPLIST_KEY_NSLocationWhenInUseUsageDescription = "App needs location for map View";
				INFOPLIST_KEY_UIApplicationSupportsIndirectInputEvents = YES;
				INFOPLIST_KEY_UILaunchStoryboardName = LaunchScreen;
				INFOPLIST_KEY_UIMainStoryboardFile = SignIn;
				INFOPLIST_KEY_UIStatusBarStyle = "";
				INFOPLIST_KEY_UISupportedInterfaceOrientations_iPad = "UIInterfaceOrientationPortrait UIInterfaceOrientationPortraitUpsideDown UIInterfaceOrientationLandscapeLeft UIInterfaceOrientationLandscapeRight";
				INFOPLIST_KEY_UISupportedInterfaceOrientations_iPhone = "UIInterfaceOrientationPortrait UIInterfaceOrientationLandscapeLeft UIInterfaceOrientationLandscapeRight";
				LD_RUNPATH_SEARCH_PATHS = (
					"$(inherited)",
					"@executable_path/Frameworks",
				);
				MARKETING_VERSION = 1.0;
				PRODUCT_BUNDLE_IDENTIFIER = com.testing.maps;
				PRODUCT_NAME = "$(TARGET_NAME)";
				SWIFT_EMIT_LOC_STRINGS = YES;
				SWIFT_VERSION = 5.0;
				TARGETED_DEVICE_FAMILY = "1,2";
			};
			name = Debug;
		};
		851691682D3AEC190083E967 /* Release */ = {
			isa = XCBuildConfiguration;
			buildSettings = {
				ASSETCATALOG_COMPILER_APPICON_NAME = AppIcon;
				ASSETCATALOG_COMPILER_GLOBAL_ACCENT_COLOR_NAME = AccentColor;
				CODE_SIGN_STYLE = Automatic;
				CURRENT_PROJECT_VERSION = 1;
				DEVELOPMENT_TEAM = 9GDN433C86;
				GENERATE_INFOPLIST_FILE = YES;
				INFOPLIST_FILE = maps/Info.plist;
				INFOPLIST_KEY_NSLocationAlwaysUsageDescription = "App needs location for map View";
				INFOPLIST_KEY_NSLocationWhenInUseUsageDescription = "App needs location for map View";
				INFOPLIST_KEY_UIApplicationSupportsIndirectInputEvents = YES;
				INFOPLIST_KEY_UILaunchStoryboardName = LaunchScreen;
				INFOPLIST_KEY_UIMainStoryboardFile = SignIn;
				INFOPLIST_KEY_UIStatusBarStyle = "";
				INFOPLIST_KEY_UISupportedInterfaceOrientations_iPad = "UIInterfaceOrientationPortrait UIInterfaceOrientationPortraitUpsideDown UIInterfaceOrientationLandscapeLeft UIInterfaceOrientationLandscapeRight";
				INFOPLIST_KEY_UISupportedInterfaceOrientations_iPhone = "UIInterfaceOrientationPortrait UIInterfaceOrientationLandscapeLeft UIInterfaceOrientationLandscapeRight";
				LD_RUNPATH_SEARCH_PATHS = (
					"$(inherited)",
					"@executable_path/Frameworks",
				);
				MARKETING_VERSION = 1.0;
				PRODUCT_BUNDLE_IDENTIFIER = com.testing.maps;
				PRODUCT_NAME = "$(TARGET_NAME)";
				SWIFT_EMIT_LOC_STRINGS = YES;
				SWIFT_VERSION = 5.0;
				TARGETED_DEVICE_FAMILY = "1,2";
			};
			name = Release;
		};
		851691692D3AEC190083E967 /* Debug */ = {
			isa = XCBuildConfiguration;
			buildSettings = {
				ALWAYS_SEARCH_USER_PATHS = NO;
				ASSETCATALOG_COMPILER_GENERATE_SWIFT_ASSET_SYMBOL_EXTENSIONS = YES;
				CLANG_ANALYZER_NONNULL = YES;
				CLANG_ANALYZER_NUMBER_OBJECT_CONVERSION = YES_AGGRESSIVE;
				CLANG_CXX_LANGUAGE_STANDARD = "gnu++20";
				CLANG_ENABLE_MODULES = YES;
				CLANG_ENABLE_OBJC_ARC = YES;
				CLANG_ENABLE_OBJC_WEAK = YES;
				CLANG_WARN_BLOCK_CAPTURE_AUTORELEASING = YES;
				CLANG_WARN_BOOL_CONVERSION = YES;
				CLANG_WARN_COMMA = YES;
				CLANG_WARN_CONSTANT_CONVERSION = YES;
				CLANG_WARN_DEPRECATED_OBJC_IMPLEMENTATIONS = YES;
				CLANG_WARN_DIRECT_OBJC_ISA_USAGE = YES_ERROR;
				CLANG_WARN_DOCUMENTATION_COMMENTS = YES;
				CLANG_WARN_EMPTY_BODY = YES;
				CLANG_WARN_ENUM_CONVERSION = YES;
				CLANG_WARN_INFINITE_RECURSION = YES;
				CLANG_WARN_INT_CONVERSION = YES;
				CLANG_WARN_NON_LITERAL_NULL_CONVERSION = YES;
				CLANG_WARN_OBJC_IMPLICIT_RETAIN_SELF = YES;
				CLANG_WARN_OBJC_LITERAL_CONVERSION = YES;
				CLANG_WARN_OBJC_ROOT_CLASS = YES_ERROR;
				CLANG_WARN_QUOTED_INCLUDE_IN_FRAMEWORK_HEADER = YES;
				CLANG_WARN_RANGE_LOOP_ANALYSIS = YES;
				CLANG_WARN_STRICT_PROTOTYPES = YES;
				CLANG_WARN_SUSPICIOUS_MOVE = YES;
				CLANG_WARN_UNGUARDED_AVAILABILITY = YES_AGGRESSIVE;
				CLANG_WARN_UNREACHABLE_CODE = YES;
				CLANG_WARN__DUPLICATE_METHOD_MATCH = YES;
				COPY_PHASE_STRIP = NO;
				DEBUG_INFORMATION_FORMAT = dwarf;
				ENABLE_STRICT_OBJC_MSGSEND = YES;
				ENABLE_TESTABILITY = YES;
				ENABLE_USER_SCRIPT_SANDBOXING = YES;
				GCC_C_LANGUAGE_STANDARD = gnu17;
				GCC_DYNAMIC_NO_PIC = NO;
				GCC_NO_COMMON_BLOCKS = YES;
				GCC_OPTIMIZATION_LEVEL = 0;
				GCC_PREPROCESSOR_DEFINITIONS = (
					"DEBUG=1",
					"$(inherited)",
				);
				GCC_WARN_64_TO_32_BIT_CONVERSION = YES;
				GCC_WARN_ABOUT_RETURN_TYPE = YES_ERROR;
				GCC_WARN_UNDECLARED_SELECTOR = YES;
				GCC_WARN_UNINITIALIZED_AUTOS = YES_AGGRESSIVE;
				GCC_WARN_UNUSED_FUNCTION = YES;
				GCC_WARN_UNUSED_VARIABLE = YES;
				IPHONEOS_DEPLOYMENT_TARGET = 18.1;
				LOCALIZATION_PREFERS_STRING_CATALOGS = YES;
				MTL_ENABLE_DEBUG_INFO = INCLUDE_SOURCE;
				MTL_FAST_MATH = YES;
				ONLY_ACTIVE_ARCH = YES;
				SDKROOT = iphoneos;
				SWIFT_ACTIVE_COMPILATION_CONDITIONS = "DEBUG $(inherited)";
				SWIFT_OPTIMIZATION_LEVEL = "-Onone";
			};
			name = Debug;
		};
		8516916A2D3AEC190083E967 /* Release */ = {
			isa = XCBuildConfiguration;
			buildSettings = {
				ALWAYS_SEARCH_USER_PATHS = NO;
				ASSETCATALOG_COMPILER_GENERATE_SWIFT_ASSET_SYMBOL_EXTENSIONS = YES;
				CLANG_ANALYZER_NONNULL = YES;
				CLANG_ANALYZER_NUMBER_OBJECT_CONVERSION = YES_AGGRESSIVE;
				CLANG_CXX_LANGUAGE_STANDARD = "gnu++20";
				CLANG_ENABLE_MODULES = YES;
				CLANG_ENABLE_OBJC_ARC = YES;
				CLANG_ENABLE_OBJC_WEAK = YES;
				CLANG_WARN_BLOCK_CAPTURE_AUTORELEASING = YES;
				CLANG_WARN_BOOL_CONVERSION = YES;
				CLANG_WARN_COMMA = YES;
				CLANG_WARN_CONSTANT_CONVERSION = YES;
				CLANG_WARN_DEPRECATED_OBJC_IMPLEMENTATIONS = YES;
				CLANG_WARN_DIRECT_OBJC_ISA_USAGE = YES_ERROR;
				CLANG_WARN_DOCUMENTATION_COMMENTS = YES;
				CLANG_WARN_EMPTY_BODY = YES;
				CLANG_WARN_ENUM_CONVERSION = YES;
				CLANG_WARN_INFINITE_RECURSION = YES;
				CLANG_WARN_INT_CONVERSION = YES;
				CLANG_WARN_NON_LITERAL_NULL_CONVERSION = YES;
				CLANG_WARN_OBJC_IMPLICIT_RETAIN_SELF = YES;
				CLANG_WARN_OBJC_LITERAL_CONVERSION = YES;
				CLANG_WARN_OBJC_ROOT_CLASS = YES_ERROR;
				CLANG_WARN_QUOTED_INCLUDE_IN_FRAMEWORK_HEADER = YES;
				CLANG_WARN_RANGE_LOOP_ANALYSIS = YES;
				CLANG_WARN_STRICT_PROTOTYPES = YES;
				CLANG_WARN_SUSPICIOUS_MOVE = YES;
				CLANG_WARN_UNGUARDED_AVAILABILITY = YES_AGGRESSIVE;
				CLANG_WARN_UNREACHABLE_CODE = YES;
				CLANG_WARN__DUPLICATE_METHOD_MATCH = YES;
				COPY_PHASE_STRIP = NO;
				DEBUG_INFORMATION_FORMAT = "dwarf-with-dsym";
				ENABLE_NS_ASSERTIONS = NO;
				ENABLE_STRICT_OBJC_MSGSEND = YES;
				ENABLE_USER_SCRIPT_SANDBOXING = YES;
				GCC_C_LANGUAGE_STANDARD = gnu17;
				GCC_NO_COMMON_BLOCKS = YES;
				GCC_WARN_64_TO_32_BIT_CONVERSION = YES;
				GCC_WARN_ABOUT_RETURN_TYPE = YES_ERROR;
				GCC_WARN_UNDECLARED_SELECTOR = YES;
				GCC_WARN_UNINITIALIZED_AUTOS = YES_AGGRESSIVE;
				GCC_WARN_UNUSED_FUNCTION = YES;
				GCC_WARN_UNUSED_VARIABLE = YES;
				IPHONEOS_DEPLOYMENT_TARGET = 18.1;
				LOCALIZATION_PREFERS_STRING_CATALOGS = YES;
				MTL_ENABLE_DEBUG_INFO = NO;
				MTL_FAST_MATH = YES;
				SDKROOT = iphoneos;
				SWIFT_COMPILATION_MODE = wholemodule;
				VALIDATE_PRODUCT = YES;
			};
			name = Release;
		};
/* End XCBuildConfiguration section */

/* Begin XCConfigurationList section */
		8516914E2D3AEC160083E967 /* Build configuration list for PBXProject "maps" */ = {
			isa = XCConfigurationList;
			buildConfigurations = (
				851691692D3AEC190083E967 /* Debug */,
				8516916A2D3AEC190083E967 /* Release */,
			);
			defaultConfigurationIsVisible = 0;
			defaultConfigurationName = Release;
		};
		851691662D3AEC190083E967 /* Build configuration list for PBXNativeTarget "maps" */ = {
			isa = XCConfigurationList;
			buildConfigurations = (
				851691672D3AEC190083E967 /* Debug */,
				851691682D3AEC190083E967 /* Release */,
			);
			defaultConfigurationIsVisible = 0;
			defaultConfigurationName = Release;
		};
/* End XCConfigurationList section */

/* Begin XCRemoteSwiftPackageReference section */
		851691942D3CA02A0083E967 /* XCRemoteSwiftPackageReference "RxSwift" */ = {
			isa = XCRemoteSwiftPackageReference;
			repositoryURL = "https://github.com/ReactiveX/RxSwift.git";
			requirement = {
				kind = upToNextMajorVersion;
				minimumVersion = 6.8.0;
			};
		};
		851691A42D3D42710083E967 /* XCRemoteSwiftPackageReference "SideMenu" */ = {
			isa = XCRemoteSwiftPackageReference;
			repositoryURL = "https://github.com/jonkykong/SideMenu.git";
			requirement = {
				kind = upToNextMajorVersion;
				minimumVersion = 6.5.0;
			};
		};
		851691A72D3D42B90083E967 /* XCRemoteSwiftPackageReference "IQKeyboardManager" */ = {
			isa = XCRemoteSwiftPackageReference;
			repositoryURL = "https://github.com/hackiftekhar/IQKeyboardManager.git";
			requirement = {
				kind = upToNextMajorVersion;
				minimumVersion = 8.0.0;
			};
		};
		851691BD2D3D6AEB0083E967 /* XCRemoteSwiftPackageReference "Alamofire" */ = {
			isa = XCRemoteSwiftPackageReference;
			repositoryURL = "https://github.com/Alamofire/Alamofire";
			requirement = {
				kind = upToNextMajorVersion;
				minimumVersion = 5.10.2;
			};
		};
/* End XCRemoteSwiftPackageReference section */

/* Begin XCSwiftPackageProductDependency section */
		851691952D3CA02A0083E967 /* RxRelay */ = {
			isa = XCSwiftPackageProductDependency;
			package = 851691942D3CA02A0083E967 /* XCRemoteSwiftPackageReference "RxSwift" */;
			productName = RxRelay;
		};
		851691972D3CA02A0083E967 /* RxSwift */ = {
			isa = XCSwiftPackageProductDependency;
			package = 851691942D3CA02A0083E967 /* XCRemoteSwiftPackageReference "RxSwift" */;
			productName = RxSwift;
		};
		8516919A2D3CA0A10083E967 /* RxCocoa */ = {
			isa = XCSwiftPackageProductDependency;
			package = 851691942D3CA02A0083E967 /* XCRemoteSwiftPackageReference "RxSwift" */;
			productName = RxCocoa;
		};
		851691A52D3D42720083E967 /* SideMenu */ = {
			isa = XCSwiftPackageProductDependency;
			package = 851691A42D3D42710083E967 /* XCRemoteSwiftPackageReference "SideMenu" */;
			productName = SideMenu;
		};
		851691A82D3D42B90083E967 /* IQKeyboardManagerSwift */ = {
			isa = XCSwiftPackageProductDependency;
			package = 851691A72D3D42B90083E967 /* XCRemoteSwiftPackageReference "IQKeyboardManager" */;
			productName = IQKeyboardManagerSwift;
		};
		851691BE2D3D6AEB0083E967 /* Alamofire */ = {
			isa = XCSwiftPackageProductDependency;
			package = 851691BD2D3D6AEB0083E967 /* XCRemoteSwiftPackageReference "Alamofire" */;
			productName = Alamofire;
		};
/* End XCSwiftPackageProductDependency section */
	};
	rootObject = 8516914B2D3AEC160083E967 /* Project object */;
}
